{
  "name": "@r4dixx/discord-quotebot",
  "version": "4.0.0",
  "lockfileVersion": 2,
  "requires": true,
  "packages": {
    "": {
      "name": "@r4dixx/discord-quotebot",
      "version": "4.0.0",
      "license": "GPL-3.0",
      "dependencies": {
        "discord.js": "^12.5.3",
        "sqlite3": "^4.2.0"
      },
      "bin": {
        "discord-quotebot": "cd src && node app.js"
      },
      "engines": {
        "node": ">=16.6"
      }
    }
  }
}